
Microsoft Visual Studio Solution File, Format Version 12.00
# Visual Studio Version 17
VisualStudioVersion = 17.7.34221.43
MinimumVisualStudioVersion = 10.0.40219.1
Project("{2150E333-8FDC-42A3-9474-1A3956D46DE8}") = "src", "src", "{472BCC5C-5ED7-44D5-9631-4055A9D82754}"
EndProject
Project("{2150E333-8FDC-42A3-9474-1A3956D46DE8}") = "Feature", "Feature", "{58D21F21-A63C-4631-895B-F2BF73153342}"
EndProject
Project("{FAE04EC0-301F-11D3-BF4B-00C04F79EFBC}") = "DepdendencyInjection", "src\Feature\DepdendencyInjection\DepdendencyInjection.csproj", "{1521F7D2-9FCA-4CFD-A7A5-392B6CDB57D7}"
EndProject
Global
	GlobalSection(SolutionConfigurationPlatforms) = preSolution
		Debug|Any CPU = Debug|Any CPU
		Release|Any CPU = Release|Any CPU
	EndGlobalSection
	GlobalSection(ProjectConfigurationPlatforms) = postSolution
		{1521F7D2-9FCA-4CFD-A7A5-392B6CDB57D7}.Debug|Any CPU.ActiveCfg = Debug|Any CPU
		{1521F7D2-9FCA-4CFD-A7A5-392B6CDB57D7}.Debug|Any CPU.Build.0 = Debug|Any CPU
		{1521F7D2-9FCA-4CFD-A7A5-392B6CDB57D7}.Release|Any CPU.ActiveCfg = Release|Any CPU
		{1521F7D2-9FCA-4CFD-A7A5-392B6CDB57D7}.Release|Any CPU.Build.0 = Release|Any CPU
	EndGlobalSection
	GlobalSection(SolutionProperties) = preSolution
		HideSolutionNode = FALSE
	EndGlobalSection
	GlobalSection(NestedProjects) = preSolution
		{58D21F21-A63C-4631-895B-F2BF73153342} = {472BCC5C-5ED7-44D5-9631-4055A9D82754}
		{1521F7D2-9FCA-4CFD-A7A5-392B6CDB57D7} = {58D21F21-A63C-4631-895B-F2BF73153342}
	EndGlobalSection
	GlobalSection(ExtensibilityGlobals) = postSolution
		SolutionGuid = {BCA1A0DF-EA8C-4436-B301-65515FCAFA02}
	EndGlobalSection
EndGlobal
